// !$*UTF8*$!
{
	archiveVersion = 1;
	classes = {
	};
	objectVersion = 56;
	objects = {

/* Begin PBXBuildFile section */
		D701CFD12B784716002AF6A9 /* Apple_FrameworksApp.swift in Sources */ = {isa = PBXBuildFile; fileRef = D701CFD02B784716002AF6A9 /* Apple_FrameworksApp.swift */; };
		D701CFD52B784719002AF6A9 /* Assets.xcassets in Resources */ = {isa = PBXBuildFile; fileRef = D701CFD42B784719002AF6A9 /* Assets.xcassets */; };
		D701CFD82B784719002AF6A9 /* Preview Assets.xcassets in Resources */ = {isa = PBXBuildFile; fileRef = D701CFD72B784719002AF6A9 /* Preview Assets.xcassets */; };
		D701CFE22B784719002AF6A9 /* Apple_FrameworksTests.swift in Sources */ = {isa = PBXBuildFile; fileRef = D701CFE12B784719002AF6A9 /* Apple_FrameworksTests.swift */; };
		D701CFEC2B784719002AF6A9 /* Apple_FrameworksUITests.swift in Sources */ = {isa = PBXBuildFile; fileRef = D701CFEB2B784719002AF6A9 /* Apple_FrameworksUITests.swift */; };
		D701CFEE2B784719002AF6A9 /* Apple_FrameworksUITestsLaunchTests.swift in Sources */ = {isa = PBXBuildFile; fileRef = D701CFED2B784719002AF6A9 /* Apple_FrameworksUITestsLaunchTests.swift */; };
		D701CFFB2B784831002AF6A9 /* Framework.swift in Sources */ = {isa = PBXBuildFile; fileRef = D701CFFA2B784831002AF6A9 /* Framework.swift */; };
		D701CFFD2B7852D0002AF6A9 /* FrameworkGridView.swift in Sources */ = {isa = PBXBuildFile; fileRef = D701CFFC2B7852D0002AF6A9 /* FrameworkGridView.swift */; };
		D701CFFF2B785F23002AF6A9 /* FrameworkDetailView.swift in Sources */ = {isa = PBXBuildFile; fileRef = D701CFFE2B785F23002AF6A9 /* FrameworkDetailView.swift */; };
		D701D0012B78629F002AF6A9 /* AFButton.swift in Sources */ = {isa = PBXBuildFile; fileRef = D701D0002B78629F002AF6A9 /* AFButton.swift */; };
		D701D0032B7868F5002AF6A9 /* FrameworkGridViewModel.swift in Sources */ = {isa = PBXBuildFile; fileRef = D701D0022B7868F5002AF6A9 /* FrameworkGridViewModel.swift */; };
		D701D0052B7870B4002AF6A9 /* SafariView.swift in Sources */ = {isa = PBXBuildFile; fileRef = D701D0042B7870B4002AF6A9 /* SafariView.swift */; };
/* End PBXBuildFile section */

/* Begin PBXContainerItemProxy section */
		D701CFDE2B784719002AF6A9 /* PBXContainerItemProxy */ = {
			isa = PBXContainerItemProxy;
			containerPortal = D701CFC52B784716002AF6A9 /* Project object */;
			proxyType = 1;
			remoteGlobalIDString = D701CFCC2B784716002AF6A9;
			remoteInfo = "Apple-Frameworks";
		};
		D701CFE82B784719002AF6A9 /* PBXContainerItemProxy */ = {
			isa = PBXContainerItemProxy;
			containerPortal = D701CFC52B784716002AF6A9 /* Project object */;
			proxyType = 1;
			remoteGlobalIDString = D701CFCC2B784716002AF6A9;
			remoteInfo = "Apple-Frameworks";
		};
/* End PBXContainerItemProxy section */

/* Begin PBXFileReference section */
		D701CFCD2B784716002AF6A9 /* Apple-Frameworks.app */ = {isa = PBXFileReference; explicitFileType = wrapper.application; includeInIndex = 0; path = "Apple-Frameworks.app"; sourceTree = BUILT_PRODUCTS_DIR; };
		D701CFD02B784716002AF6A9 /* Apple_FrameworksApp.swift */ = {isa = PBXFileReference; lastKnownFileType = sourcecode.swift; path = Apple_FrameworksApp.swift; sourceTree = "<group>"; };
		D701CFD42B784719002AF6A9 /* Assets.xcassets */ = {isa = PBXFileReference; lastKnownFileType = folder.assetcatalog; path = Assets.xcassets; sourceTree = "<group>"; };
		D701CFD72B784719002AF6A9 /* Preview Assets.xcassets */ = {isa = PBXFileReference; lastKnownFileType = folder.assetcatalog; path = "Preview Assets.xcassets"; sourceTree = "<group>"; };
		D701CFDD2B784719002AF6A9 /* Apple-FrameworksTests.xctest */ = {isa = PBXFileReference; explicitFileType = wrapper.cfbundle; includeInIndex = 0; path = "Apple-FrameworksTests.xctest"; sourceTree = BUILT_PRODUCTS_DIR; };
		D701CFE12B784719002AF6A9 /* Apple_FrameworksTests.swift */ = {isa = PBXFileReference; lastKnownFileType = sourcecode.swift; path = Apple_FrameworksTests.swift; sourceTree = "<group>"; };
		D701CFE72B784719002AF6A9 /* Apple-FrameworksUITests.xctest */ = {isa = PBXFileReference; explicitFileType = wrapper.cfbundle; includeInIndex = 0; path = "Apple-FrameworksUITests.xctest"; sourceTree = BUILT_PRODUCTS_DIR; };
		D701CFEB2B784719002AF6A9 /* Apple_FrameworksUITests.swift */ = {isa = PBXFileReference; lastKnownFileType = sourcecode.swift; path = Apple_FrameworksUITests.swift; sourceTree = "<group>"; };
		D701CFED2B784719002AF6A9 /* Apple_FrameworksUITestsLaunchTests.swift */ = {isa = PBXFileReference; lastKnownFileType = sourcecode.swift; path = Apple_FrameworksUITestsLaunchTests.swift; sourceTree = "<group>"; };
		D701CFFA2B784831002AF6A9 /* Framework.swift */ = {isa = PBXFileReference; lastKnownFileType = sourcecode.swift; path = Framework.swift; sourceTree = "<group>"; };
		D701CFFC2B7852D0002AF6A9 /* FrameworkGridView.swift */ = {isa = PBXFileReference; lastKnownFileType = sourcecode.swift; path = FrameworkGridView.swift; sourceTree = "<group>"; };
		D701CFFE2B785F23002AF6A9 /* FrameworkDetailView.swift */ = {isa = PBXFileReference; lastKnownFileType = sourcecode.swift; path = FrameworkDetailView.swift; sourceTree = "<group>"; };
		D701D0002B78629F002AF6A9 /* AFButton.swift */ = {isa = PBXFileReference; lastKnownFileType = sourcecode.swift; path = AFButton.swift; sourceTree = "<group>"; };
		D701D0022B7868F5002AF6A9 /* FrameworkGridViewModel.swift */ = {isa = PBXFileReference; lastKnownFileType = sourcecode.swift; path = FrameworkGridViewModel.swift; sourceTree = "<group>"; };
		D701D0042B7870B4002AF6A9 /* SafariView.swift */ = {isa = PBXFileReference; lastKnownFileType = sourcecode.swift; path = SafariView.swift; sourceTree = "<group>"; };
/* End PBXFileReference section */

/* Begin PBXFrameworksBuildPhase section */
		D701CFCA2B784716002AF6A9 /* Frameworks */ = {
			isa = PBXFrameworksBuildPhase;
			buildActionMask = 2147483647;
			files = (
			);
			runOnlyForDeploymentPostprocessing = 0;
		};
		D701CFDA2B784719002AF6A9 /* Frameworks */ = {
			isa = PBXFrameworksBuildPhase;
			buildActionMask = 2147483647;
			files = (
			);
			runOnlyForDeploymentPostprocessing = 0;
		};
		D701CFE42B784719002AF6A9 /* Frameworks */ = {
			isa = PBXFrameworksBuildPhase;
			buildActionMask = 2147483647;
			files = (
			);
			runOnlyForDeploymentPostprocessing = 0;
		};
/* End PBXFrameworksBuildPhase section */

/* Begin PBXGroup section */
		D701CFC42B784715002AF6A9 = {
			isa = PBXGroup;
			children = (
				D701CFCF2B784716002AF6A9 /* Apple-Frameworks */,
				D701CFE02B784719002AF6A9 /* Apple-FrameworksTests */,
				D701CFEA2B784719002AF6A9 /* Apple-FrameworksUITests */,
				D701CFCE2B784716002AF6A9 /* Products */,
			);
			sourceTree = "<group>";
		};
		D701CFCE2B784716002AF6A9 /* Products */ = {
			isa = PBXGroup;
			children = (
				D701CFCD2B784716002AF6A9 /* Apple-Frameworks.app */,
				D701CFDD2B784719002AF6A9 /* Apple-FrameworksTests.xctest */,
				D701CFE72B784719002AF6A9 /* Apple-FrameworksUITests.xctest */,
			);
			name = Products;
			sourceTree = "<group>";
		};
		D701CFCF2B784716002AF6A9 /* Apple-Frameworks */ = {
			isa = PBXGroup;
			children = (
				D701CFD02B784716002AF6A9 /* Apple_FrameworksApp.swift */,
				D701CFFA2B784831002AF6A9 /* Framework.swift */,
				D701CFD42B784719002AF6A9 /* Assets.xcassets */,
				D701CFD62B784719002AF6A9 /* Preview Content */,
				D701CFFC2B7852D0002AF6A9 /* FrameworkGridView.swift */,
				D701D0042B7870B4002AF6A9 /* SafariView.swift */,
				D701D0022B7868F5002AF6A9 /* FrameworkGridViewModel.swift */,
				D701CFFE2B785F23002AF6A9 /* FrameworkDetailView.swift */,
				D701D0002B78629F002AF6A9 /* AFButton.swift */,
			);
			path = "Apple-Frameworks";
			sourceTree = "<group>";
		};
		D701CFD62B784719002AF6A9 /* Preview Content */ = {
			isa = PBXGroup;
			children = (
				D701CFD72B784719002AF6A9 /* Preview Assets.xcassets */,
			);
			path = "Preview Content";
			sourceTree = "<group>";
		};
		D701CFE02B784719002AF6A9 /* Apple-FrameworksTests */ = {
			isa = PBXGroup;
			children = (
				D701CFE12B784719002AF6A9 /* Apple_FrameworksTests.swift */,
			);
			path = "Apple-FrameworksTests";
			sourceTree = "<group>";
		};
		D701CFEA2B784719002AF6A9 /* Apple-FrameworksUITests */ = {
			isa = PBXGroup;
			children = (
				D701CFEB2B784719002AF6A9 /* Apple_FrameworksUITests.swift */,
				D701CFED2B784719002AF6A9 /* Apple_FrameworksUITestsLaunchTests.swift */,
			);
			path = "Apple-FrameworksUITests";
			sourceTree = "<group>";
		};
/* End PBXGroup section */

/* Begin PBXNativeTarget section */
		D701CFCC2B784716002AF6A9 /* Apple-Frameworks */ = {
			isa = PBXNativeTarget;
			buildConfigurationList = D701CFF12B784719002AF6A9 /* Build configuration list for PBXNativeTarget "Apple-Frameworks" */;
			buildPhases = (
				D701CFC92B784716002AF6A9 /* Sources */,
				D701CFCA2B784716002AF6A9 /* Frameworks */,
				D701CFCB2B784716002AF6A9 /* Resources */,
			);
			buildRules = (
			);
			dependencies = (
			);
			name = "Apple-Frameworks";
			productName = "Apple-Frameworks";
			productReference = D701CFCD2B784716002AF6A9 /* Apple-Frameworks.app */;
			productType = "com.apple.product-type.application";
		};
		D701CFDC2B784719002AF6A9 /* Apple-FrameworksTests */ = {
			isa = PBXNativeTarget;
			buildConfigurationList = D701CFF42B784719002AF6A9 /* Build configuration list for PBXNativeTarget "Apple-FrameworksTests" */;
			buildPhases = (
				D701CFD92B784719002AF6A9 /* Sources */,
				D701CFDA2B784719002AF6A9 /* Frameworks */,
				D701CFDB2B784719002AF6A9 /* Resources */,
			);
			buildRules = (
			);
			dependencies = (
				D701CFDF2B784719002AF6A9 /* PBXTargetDependency */,
			);
			name = "Apple-FrameworksTests";
			productName = "Apple-FrameworksTests";
			productReference = D701CFDD2B784719002AF6A9 /* Apple-FrameworksTests.xctest */;
			productType = "com.apple.product-type.bundle.unit-test";
		};
		D701CFE62B784719002AF6A9 /* Apple-FrameworksUITests */ = {
			isa = PBXNativeTarget;
			buildConfigurationList = D701CFF72B784719002AF6A9 /* Build configuration list for PBXNativeTarget "Apple-FrameworksUITests" */;
			buildPhases = (
				D701CFE32B784719002AF6A9 /* Sources */,
				D701CFE42B784719002AF6A9 /* Frameworks */,
				D701CFE52B784719002AF6A9 /* Resources */,
			);
			buildRules = (
			);
			dependencies = (
				D701CFE92B784719002AF6A9 /* PBXTargetDependency */,
			);
			name = "Apple-FrameworksUITests";
			productName = "Apple-FrameworksUITests";
			productReference = D701CFE72B784719002AF6A9 /* Apple-FrameworksUITests.xctest */;
			productType = "com.apple.product-type.bundle.ui-testing";
		};
/* End PBXNativeTarget section */

/* Begin PBXProject section */
		D701CFC52B784716002AF6A9 /* Project object */ = {
			isa = PBXProject;
			attributes = {
				BuildIndependentTargetsInParallel = 1;
				LastSwiftUpdateCheck = 1520;
				LastUpgradeCheck = 1520;
				TargetAttributes = {
					D701CFCC2B784716002AF6A9 = {
						CreatedOnToolsVersion = 15.2;
					};
					D701CFDC2B784719002AF6A9 = {
						CreatedOnToolsVersion = 15.2;
						TestTargetID = D701CFCC2B784716002AF6A9;
					};
					D701CFE62B784719002AF6A9 = {
						CreatedOnToolsVersion = 15.2;
						TestTargetID = D701CFCC2B784716002AF6A9;
					};
				};
			};
			buildConfigurationList = D701CFC82B784716002AF6A9 /* Build configuration list for PBXProject "Apple-Frameworks" */;
			compatibilityVersion = "Xcode 14.0";
			developmentRegion = en;
			hasScannedForEncodings = 0;
			knownRegions = (
				en,
				Base,
			);
			mainGroup = D701CFC42B784715002AF6A9;
			productRefGroup = D701CFCE2B784716002AF6A9 /* Products */;
			projectDirPath = "";
			projectRoot = "";
			targets = (
				D701CFCC2B784716002AF6A9 /* Apple-Frameworks */,
				D701CFDC2B784719002AF6A9 /* Apple-FrameworksTests */,
				D701CFE62B784719002AF6A9 /* Apple-FrameworksUITests */,
			);
		};
/* End PBXProject section */

/* Begin PBXResourcesBuildPhase section */
		D701CFCB2B784716002AF6A9 /* Resources */ = {
			isa = PBXResourcesBuildPhase;
			buildActionMask = 2147483647;
			files = (
				D701CFD82B784719002AF6A9 /* Preview Assets.xcassets in Resources */,
				D701CFD52B784719002AF6A9 /* Assets.xcassets in Resources */,
			);
			runOnlyForDeploymentPostprocessing = 0;
		};
		D701CFDB2B784719002AF6A9 /* Resources */ = {
			isa = PBXResourcesBuildPhase;
			buildActionMask = 2147483647;
			files = (
			);
			runOnlyForDeploymentPostprocessing = 0;
		};
		D701CFE52B784719002AF6A9 /* Resources */ = {
			isa = PBXResourcesBuildPhase;
			buildActionMask = 2147483647;
			files = (
			);
			runOnlyForDeploymentPostprocessing = 0;
		};
/* End PBXResourcesBuildPhase section */

/* Begin PBXSourcesBuildPhase section */
		D701CFC92B784716002AF6A9 /* Sources */ = {
			isa = PBXSourcesBuildPhase;
			buildActionMask = 2147483647;
			files = (
				D701CFFD2B7852D0002AF6A9 /* FrameworkGridView.swift in Sources */,
				D701CFFF2B785F23002AF6A9 /* FrameworkDetailView.swift in Sources */,
				D701CFFB2B784831002AF6A9 /* Framework.swift in Sources */,
				D701D0012B78629F002AF6A9 /* AFButton.swift in Sources */,
				D701CFD12B784716002AF6A9 /* Apple_FrameworksApp.swift in Sources */,
				D701D0032B7868F5002AF6A9 /* FrameworkGridViewModel.swift in Sources */,
				D701D0052B7870B4002AF6A9 /* SafariView.swift in Sources */,
			);
			runOnlyForDeploymentPostprocessing = 0;
		};
		D701CFD92B784719002AF6A9 /* Sources */ = {
			isa = PBXSourcesBuildPhase;
			buildActionMask = 2147483647;
			files = (
				D701CFE22B784719002AF6A9 /* Apple_FrameworksTests.swift in Sources */,
			);
			runOnlyForDeploymentPostprocessing = 0;
		};
		D701CFE32B784719002AF6A9 /* Sources */ = {
			isa = PBXSourcesBuildPhase;
			buildActionMask = 2147483647;
			files = (
				D701CFEE2B784719002AF6A9 /* Apple_FrameworksUITestsLaunchTests.swift in Sources */,
				D701CFEC2B784719002AF6A9 /* Apple_FrameworksUITests.swift in Sources */,
			);
			runOnlyForDeploymentPostprocessing = 0;
		};
/* End PBXSourcesBuildPhase section */

/* Begin PBXTargetDependency section */
		D701CFDF2B784719002AF6A9 /* PBXTargetDependency */ = {
			isa = PBXTargetDependency;
			target = D701CFCC2B784716002AF6A9 /* Apple-Frameworks */;
			targetProxy = D701CFDE2B784719002AF6A9 /* PBXContainerItemProxy */;
		};
		D701CFE92B784719002AF6A9 /* PBXTargetDependency */ = {
			isa = PBXTargetDependency;
			target = D701CFCC2B784716002AF6A9 /* Apple-Frameworks */;
			targetProxy = D701CFE82B784719002AF6A9 /* PBXContainerItemProxy */;
		};
/* End PBXTargetDependency section */

/* Begin XCBuildConfiguration section */
		D701CFEF2B784719002AF6A9 /* Debug */ = {
			isa = XCBuildConfiguration;
			buildSettings = {
				ALWAYS_SEARCH_USER_PATHS = NO;
				ASSETCATALOG_COMPILER_GENERATE_SWIFT_ASSET_SYMBOL_EXTENSIONS = YES;
				CLANG_ANALYZER_NONNULL = YES;
				CLANG_ANALYZER_NUMBER_OBJECT_CONVERSION = YES_AGGRESSIVE;
				CLANG_CXX_LANGUAGE_STANDARD = "gnu++20";
				CLANG_ENABLE_MODULES = YES;
				CLANG_ENABLE_OBJC_ARC = YES;
				CLANG_ENABLE_OBJC_WEAK = YES;
				CLANG_WARN_BLOCK_CAPTURE_AUTORELEASING = YES;
				CLANG_WARN_BOOL_CONVERSION = YES;
				CLANG_WARN_COMMA = YES;
				CLANG_WARN_CONSTANT_CONVERSION = YES;
				CLANG_WARN_DEPRECATED_OBJC_IMPLEMENTATIONS = YES;
				CLANG_WARN_DIRECT_OBJC_ISA_USAGE = YES_ERROR;
				CLANG_WARN_DOCUMENTATION_COMMENTS = YES;
				CLANG_WARN_EMPTY_BODY = YES;
				CLANG_WARN_ENUM_CONVERSION = YES;
				CLANG_WARN_INFINITE_RECURSION = YES;
				CLANG_WARN_INT_CONVERSION = YES;
				CLANG_WARN_NON_LITERAL_NULL_CONVERSION = YES;
				CLANG_WARN_OBJC_IMPLICIT_RETAIN_SELF = YES;
				CLANG_WARN_OBJC_LITERAL_CONVERSION = YES;
				CLANG_WARN_OBJC_ROOT_CLASS = YES_ERROR;
				CLANG_WARN_QUOTED_INCLUDE_IN_FRAMEWORK_HEADER = YES;
				CLANG_WARN_RANGE_LOOP_ANALYSIS = YES;
				CLANG_WARN_STRICT_PROTOTYPES = YES;
				CLANG_WARN_SUSPICIOUS_MOVE = YES;
				CLANG_WARN_UNGUARDED_AVAILABILITY = YES_AGGRESSIVE;
				CLANG_WARN_UNREACHABLE_CODE = YES;
				CLANG_WARN__DUPLICATE_METHOD_MATCH = YES;
				COPY_PHASE_STRIP = NO;
				DEBUG_INFORMATION_FORMAT = dwarf;
				ENABLE_STRICT_OBJC_MSGSEND = YES;
				ENABLE_TESTABILITY = YES;
				ENABLE_USER_SCRIPT_SANDBOXING = YES;
				GCC_C_LANGUAGE_STANDARD = gnu17;
				GCC_DYNAMIC_NO_PIC = NO;
				GCC_NO_COMMON_BLOCKS = YES;
				GCC_OPTIMIZATION_LEVEL = 0;
				GCC_PREPROCESSOR_DEFINITIONS = (
					"DEBUG=1",
					"$(inherited)",
				);
				GCC_WARN_64_TO_32_BIT_CONVERSION = YES;
				GCC_WARN_ABOUT_RETURN_TYPE = YES_ERROR;
				GCC_WARN_UNDECLARED_SELECTOR = YES;
				GCC_WARN_UNINITIALIZED_AUTOS = YES_AGGRESSIVE;
				GCC_WARN_UNUSED_FUNCTION = YES;
				GCC_WARN_UNUSED_VARIABLE = YES;
				IPHONEOS_DEPLOYMENT_TARGET = 17.2;
				LOCALIZATION_PREFERS_STRING_CATALOGS = YES;
				MTL_ENABLE_DEBUG_INFO = INCLUDE_SOURCE;
				MTL_FAST_MATH = YES;
				ONLY_ACTIVE_ARCH = YES;
				SDKROOT = iphoneos;
				SWIFT_ACTIVE_COMPILATION_CONDITIONS = "DEBUG $(inherited)";
				SWIFT_OPTIMIZATION_LEVEL = "-Onone";
			};
			name = Debug;
		};
		D701CFF02B784719002AF6A9 /* Release */ = {
			isa = XCBuildConfiguration;
			buildSettings = {
				ALWAYS_SEARCH_USER_PATHS = NO;
				ASSETCATALOG_COMPILER_GENERATE_SWIFT_ASSET_SYMBOL_EXTENSIONS = YES;
				CLANG_ANALYZER_NONNULL = YES;
				CLANG_ANALYZER_NUMBER_OBJECT_CONVERSION = YES_AGGRESSIVE;
				CLANG_CXX_LANGUAGE_STANDARD = "gnu++20";
				CLANG_ENABLE_MODULES = YES;
				CLANG_ENABLE_OBJC_ARC = YES;
				CLANG_ENABLE_OBJC_WEAK = YES;
				CLANG_WARN_BLOCK_CAPTURE_AUTORELEASING = YES;
				CLANG_WARN_BOOL_CONVERSION = YES;
				CLANG_WARN_COMMA = YES;
				CLANG_WARN_CONSTANT_CONVERSION = YES;
				CLANG_WARN_DEPRECATED_OBJC_IMPLEMENTATIONS = YES;
				CLANG_WARN_DIRECT_OBJC_ISA_USAGE = YES_ERROR;
				CLANG_WARN_DOCUMENTATION_COMMENTS = YES;
				CLANG_WARN_EMPTY_BODY = YES;
				CLANG_WARN_ENUM_CONVERSION = YES;
				CLANG_WARN_INFINITE_RECURSION = YES;
				CLANG_WARN_INT_CONVERSION = YES;
				CLANG_WARN_NON_LITERAL_NULL_CONVERSION = YES;
				CLANG_WARN_OBJC_IMPLICIT_RETAIN_SELF = YES;
				CLANG_WARN_OBJC_LITERAL_CONVERSION = YES;
				CLANG_WARN_OBJC_ROOT_CLASS = YES_ERROR;
				CLANG_WARN_QUOTED_INCLUDE_IN_FRAMEWORK_HEADER = YES;
				CLANG_WARN_RANGE_LOOP_ANALYSIS = YES;
				CLANG_WARN_STRICT_PROTOTYPES = YES;
				CLANG_WARN_SUSPICIOUS_MOVE = YES;
				CLANG_WARN_UNGUARDED_AVAILABILITY = YES_AGGRESSIVE;
				CLANG_WARN_UNREACHABLE_CODE = YES;
				CLANG_WARN__DUPLICATE_METHOD_MATCH = YES;
				COPY_PHASE_STRIP = NO;
				DEBUG_INFORMATION_FORMAT = "dwarf-with-dsym";
				ENABLE_NS_ASSERTIONS = NO;
				ENABLE_STRICT_OBJC_MSGSEND = YES;
				ENABLE_USER_SCRIPT_SANDBOXING = YES;
				GCC_C_LANGUAGE_STANDARD = gnu17;
				GCC_NO_COMMON_BLOCKS = YES;
				GCC_WARN_64_TO_32_BIT_CONVERSION = YES;
				GCC_WARN_ABOUT_RETURN_TYPE = YES_ERROR;
				GCC_WARN_UNDECLARED_SELECTOR = YES;
				GCC_WARN_UNINITIALIZED_AUTOS = YES_AGGRESSIVE;
				GCC_WARN_UNUSED_FUNCTION = YES;
				GCC_WARN_UNUSED_VARIABLE = YES;
				IPHONEOS_DEPLOYMENT_TARGET = 17.2;
				LOCALIZATION_PREFERS_STRING_CATALOGS = YES;
				MTL_ENABLE_DEBUG_INFO = NO;
				MTL_FAST_MATH = YES;
				SDKROOT = iphoneos;
				SWIFT_COMPILATION_MODE = wholemodule;
				VALIDATE_PRODUCT = YES;
			};
			name = Release;
		};
		D701CFF22B784719002AF6A9 /* Debug */ = {
			isa = XCBuildConfiguration;
			buildSettings = {
				ASSETCATALOG_COMPILER_APPICON_NAME = AppIcon;
				ASSETCATALOG_COMPILER_GLOBAL_ACCENT_COLOR_NAME = AccentColor;
				CODE_SIGN_STYLE = Automatic;
				CURRENT_PROJECT_VERSION = 1;
				DEVELOPMENT_ASSET_PATHS = "\"Apple-Frameworks/Preview Content\"";
				DEVELOPMENT_TEAM = MX32TH9497;
				ENABLE_PREVIEWS = YES;
				GENERATE_INFOPLIST_FILE = YES;
				INFOPLIST_KEY_UIApplicationSceneManifest_Generation = YES;
				INFOPLIST_KEY_UIApplicationSupportsIndirectInputEvents = YES;
				INFOPLIST_KEY_UILaunchScreen_Generation = YES;
				INFOPLIST_KEY_UISupportedInterfaceOrientations_iPad = "UIInterfaceOrientationPortrait UIInterfaceOrientationPortraitUpsideDown UIInterfaceOrientationLandscapeLeft UIInterfaceOrientationLandscapeRight";
				INFOPLIST_KEY_UISupportedInterfaceOrientations_iPhone = "UIInterfaceOrientationPortrait UIInterfaceOrientationLandscapeLeft UIInterfaceOrientationLandscapeRight";
				LD_RUNPATH_SEARCH_PATHS = (
					"$(inherited)",
					"@executable_path/Frameworks",
				);
				MARKETING_VERSION = 1.0;
				PRODUCT_BUNDLE_IDENTIFIER = "com.Apple-Frameworks";
				PRODUCT_NAME = "$(TARGET_NAME)";
				SWIFT_EMIT_LOC_STRINGS = YES;
				SWIFT_VERSION = 5.0;
				TARGETED_DEVICE_FAMILY = "1,2";
			};
			name = Debug;
		};
		D701CFF32B784719002AF6A9 /* Release */ = {
			isa = XCBuildConfiguration;
			buildSettings = {
				ASSETCATALOG_COMPILER_APPICON_NAME = AppIcon;
				ASSETCATALOG_COMPILER_GLOBAL_ACCENT_COLOR_NAME = AccentColor;
				CODE_SIGN_STYLE = Automatic;
				CURRENT_PROJECT_VERSION = 1;
				DEVELOPMENT_ASSET_PATHS = "\"Apple-Frameworks/Preview Content\"";
				DEVELOPMENT_TEAM = MX32TH9497;
				ENABLE_PREVIEWS = YES;
				GENERATE_INFOPLIST_FILE = YES;
				INFOPLIST_KEY_UIApplicationSceneManifest_Generation = YES;
				INFOPLIST_KEY_UIApplicationSupportsIndirectInputEvents = YES;
				INFOPLIST_KEY_UILaunchScreen_Generation = YES;
				INFOPLIST_KEY_UISupportedInterfaceOrientations_iPad = "UIInterfaceOrientationPortrait UIInterfaceOrientationPortraitUpsideDown UIInterfaceOrientationLandscapeLeft UIInterfaceOrientationLandscapeRight";
				INFOPLIST_KEY_UISupportedInterfaceOrientations_iPhone = "UIInterfaceOrientationPortrait UIInterfaceOrientationLandscapeLeft UIInterfaceOrientationLandscapeRight";
				LD_RUNPATH_SEARCH_PATHS = (
					"$(inherited)",
					"@executable_path/Frameworks",
				);
				MARKETING_VERSION = 1.0;
				PRODUCT_BUNDLE_IDENTIFIER = "com.Apple-Frameworks";
				PRODUCT_NAME = "$(TARGET_NAME)";
				SWIFT_EMIT_LOC_STRINGS = YES;
				SWIFT_VERSION = 5.0;
				TARGETED_DEVICE_FAMILY = "1,2";
			};
			name = Release;
		};
		D701CFF52B784719002AF6A9 /* Debug */ = {
			isa = XCBuildConfiguration;
			buildSettings = {
				ALWAYS_EMBED_SWIFT_STANDARD_LIBRARIES = YES;
				BUNDLE_LOADER = "$(TEST_HOST)";
				CODE_SIGN_STYLE = Automatic;
				CURRENT_PROJECT_VERSION = 1;
				DEVELOPMENT_TEAM = MX32TH9497;
				GENERATE_INFOPLIST_FILE = YES;
				IPHONEOS_DEPLOYMENT_TARGET = 17.2;
				MARKETING_VERSION = 1.0;
				PRODUCT_BUNDLE_IDENTIFIER = "com.Apple-FrameworksTests";
				PRODUCT_NAME = "$(TARGET_NAME)";
				SWIFT_EMIT_LOC_STRINGS = NO;
				SWIFT_VERSION = 5.0;
				TARGETED_DEVICE_FAMILY = "1,2";
				TEST_HOST = "$(BUILT_PRODUCTS_DIR)/Apple-Frameworks.app/$(BUNDLE_EXECUTABLE_FOLDER_PATH)/Apple-Frameworks";
			};
			name = Debug;
		};
		D701CFF62B784719002AF6A9 /* Release */ = {
			isa = XCBuildConfiguration;
			buildSettings = {
				ALWAYS_EMBED_SWIFT_STANDARD_LIBRARIES = YES;
				BUNDLE_LOADER = "$(TEST_HOST)";
				CODE_SIGN_STYLE = Automatic;
				CURRENT_PROJECT_VERSION = 1;
				DEVELOPMENT_TEAM = MX32TH9497;
				GENERATE_INFOPLIST_FILE = YES;
				IPHONEOS_DEPLOYMENT_TARGET = 17.2;
				MARKETING_VERSION = 1.0;
				PRODUCT_BUNDLE_IDENTIFIER = "com.Apple-FrameworksTests";
				PRODUCT_NAME = "$(TARGET_NAME)";
				SWIFT_EMIT_LOC_STRINGS = NO;
				SWIFT_VERSION = 5.0;
				TARGETED_DEVICE_FAMILY = "1,2";
				TEST_HOST = "$(BUILT_PRODUCTS_DIR)/Apple-Frameworks.app/$(BUNDLE_EXECUTABLE_FOLDER_PATH)/Apple-Frameworks";
			};
			name = Release;
		};
		D701CFF82B784719002AF6A9 /* Debug */ = {
			isa = XCBuildConfiguration;
			buildSettings = {
				ALWAYS_EMBED_SWIFT_STANDARD_LIBRARIES = YES;
				CODE_SIGN_STYLE = Automatic;
				CURRENT_PROJECT_VERSION = 1;
				DEVELOPMENT_TEAM = MX32TH9497;
				GENERATE_INFOPLIST_FILE = YES;
				MARKETING_VERSION = 1.0;
				PRODUCT_BUNDLE_IDENTIFIER = "com.Apple-FrameworksUITests";
				PRODUCT_NAME = "$(TARGET_NAME)";
				SWIFT_EMIT_LOC_STRINGS = NO;
				SWIFT_VERSION = 5.0;
				TARGETED_DEVICE_FAMILY = "1,2";
				TEST_TARGET_NAME = "Apple-Frameworks";
			};
			name = Debug;
		};
		D701CFF92B784719002AF6A9 /* Release */ = {
			isa = XCBuildConfiguration;
			buildSettings = {
				ALWAYS_EMBED_SWIFT_STANDARD_LIBRARIES = YES;
				CODE_SIGN_STYLE = Automatic;
				CURRENT_PROJECT_VERSION = 1;
				DEVELOPMENT_TEAM = MX32TH9497;
				GENERATE_INFOPLIST_FILE = YES;
				MARKETING_VERSION = 1.0;
				PRODUCT_BUNDLE_IDENTIFIER = "com.Apple-FrameworksUITests";
				PRODUCT_NAME = "$(TARGET_NAME)";
				SWIFT_EMIT_LOC_STRINGS = NO;
				SWIFT_VERSION = 5.0;
				TARGETED_DEVICE_FAMILY = "1,2";
				TEST_TARGET_NAME = "Apple-Frameworks";
			};
			name = Release;
		};
/* End XCBuildConfiguration section */

/* Begin XCConfigurationList section */
		D701CFC82B784716002AF6A9 /* Build configuration list for PBXProject "Apple-Frameworks" */ = {
			isa = XCConfigurationList;
			buildConfigurations = (
				D701CFEF2B784719002AF6A9 /* Debug */,
				D701CFF02B784719002AF6A9 /* Release */,
			);
			defaultConfigurationIsVisible = 0;
			defaultConfigurationName = Release;
		};
		D701CFF12B784719002AF6A9 /* Build configuration list for PBXNativeTarget "Apple-Frameworks" */ = {
			isa = XCConfigurationList;
			buildConfigurations = (
				D701CFF22B784719002AF6A9 /* Debug */,
				D701CFF32B784719002AF6A9 /* Release */,
			);
			defaultConfigurationIsVisible = 0;
			defaultConfigurationName = Release;
		};
		D701CFF42B784719002AF6A9 /* Build configuration list for PBXNativeTarget "Apple-FrameworksTests" */ = {
			isa = XCConfigurationList;
			buildConfigurations = (
				D701CFF52B784719002AF6A9 /* Debug */,
				D701CFF62B784719002AF6A9 /* Release */,
			);
			defaultConfigurationIsVisible = 0;
			defaultConfigurationName = Release;
		};
		D701CFF72B784719002AF6A9 /* Build configuration list for PBXNativeTarget "Apple-FrameworksUITests" */ = {
			isa = XCConfigurationList;
			buildConfigurations = (
				D701CFF82B784719002AF6A9 /* Debug */,
				D701CFF92B784719002AF6A9 /* Release */,
			);
			defaultConfigurationIsVisible = 0;
			defaultConfigurationName = Release;
		};
/* End XCConfigurationList section */
	};
	rootObject = D701CFC52B784716002AF6A9 /* Project object */;
}
